
Microsoft Visual Studio Solution File, Format Version 12.00
# Visual Studio Version 17
VisualStudioVersion = 17.3.32929.385
MinimumVisualStudioVersion = 10.0.40219.1
Project("{FAE04EC0-301F-11D3-BF4B-00C04F79EFBC}") = "ConsoleApp1", "ConsoleApp1\ConsoleApp1.csproj", "{86716271-49C2-40F2-A387-28438F1D966A}"
EndProject
Global
	GlobalSection(SolutionConfigurationPlatforms) = preSolution
		Debug|Any CPU = Debug|Any CPU
		Release|Any CPU = Release|Any CPU
	EndGlobalSection
	GlobalSection(ProjectConfigurationPlatforms) = postSolution
		{86716271-49C2-40F2-A387-28438F1D966A}.Debug|Any CPU.ActiveCfg = Debug|Any CPU
		{86716271-49C2-40F2-A387-28438F1D966A}.Debug|Any CPU.Build.0 = Debug|Any CPU
		{86716271-49C2-40F2-A387-28438F1D966A}.Release|Any CPU.ActiveCfg = Release|Any CPU
		{86716271-49C2-40F2-A387-28438F1D966A}.Release|Any CPU.Build.0 = Release|Any CPU
	EndGlobalSection
	GlobalSection(SolutionProperties) = preSolution
		HideSolutionNode = FALSE
	EndGlobalSection
	GlobalSection(ExtensibilityGlobals) = postSolution
		SolutionGuid = {4786DBA7-CC5B-4D3E-A981-440D1F0E94DC}
	EndGlobalSection
EndGlobal
